
Microsoft Visual Studio Solution File, Format Version 12.00
# Visual Studio 2012
Project("{FAE04EC0-301F-11D3-BF4B-00C04F79EFBC}") = "Umbraco6.1.6", "Umbraco6.1.6\Umbraco6.1.6.csproj", "{AAF5A7E0-0715-4130-8C60-3194FE937F19}"
EndProject
Global
	GlobalSection(SolutionConfigurationPlatforms) = preSolution
		Debug|Any CPU = Debug|Any CPU
		Release|Any CPU = Release|Any CPU
	EndGlobalSection
	GlobalSection(ProjectConfigurationPlatforms) = postSolution
		{AAF5A7E0-0715-4130-8C60-3194FE937F19}.Debug|Any CPU.ActiveCfg = Debug|Any CPU
		{AAF5A7E0-0715-4130-8C60-3194FE937F19}.Debug|Any CPU.Build.0 = Debug|Any CPU
		{AAF5A7E0-0715-4130-8C60-3194FE937F19}.Release|Any CPU.ActiveCfg = Release|Any CPU
		{AAF5A7E0-0715-4130-8C60-3194FE937F19}.Release|Any CPU.Build.0 = Release|Any CPU
	EndGlobalSection
	GlobalSection(SolutionProperties) = preSolution
		HideSolutionNode = FALSE
	EndGlobalSection
EndGlobal
